
Microsoft Visual Studio Solution File, Format Version 12.00
# Visual Studio Version 17
VisualStudioVersion = 17.5.002.0
MinimumVisualStudioVersion = 10.0.40219.1
Project("{9A19103F-16F7-4668-BE54-9A1E7A4F7556}") = "RabbitMQMongoExample", "RabbitMQMongoExample.csproj", "{393C8DB7-F7F1-4925-B05A-C4960F2E02CB}"
EndProject
Global
	GlobalSection(SolutionConfigurationPlatforms) = preSolution
		Debug|Any CPU = Debug|Any CPU
		Release|Any CPU = Release|Any CPU
	EndGlobalSection
	GlobalSection(ProjectConfigurationPlatforms) = postSolution
		{393C8DB7-F7F1-4925-B05A-C4960F2E02CB}.Debug|Any CPU.ActiveCfg = Debug|Any CPU
		{393C8DB7-F7F1-4925-B05A-C4960F2E02CB}.Debug|Any CPU.Build.0 = Debug|Any CPU
		{393C8DB7-F7F1-4925-B05A-C4960F2E02CB}.Release|Any CPU.ActiveCfg = Release|Any CPU
		{393C8DB7-F7F1-4925-B05A-C4960F2E02CB}.Release|Any CPU.Build.0 = Release|Any CPU
	EndGlobalSection
	GlobalSection(SolutionProperties) = preSolution
		HideSolutionNode = FALSE
	EndGlobalSection
	GlobalSection(ExtensibilityGlobals) = postSolution
		SolutionGuid = {E3F38904-FABC-4D25-B824-500B054C9719}
	EndGlobalSection
EndGlobal
